
Microsoft Visual Studio Solution File, Format Version 12.00
# Visual Studio Version 17
VisualStudioVersion = 17.2.32616.157
MinimumVisualStudioVersion = 10.0.40219.1
Project("{FAE04EC0-301F-11D3-BF4B-00C04F79EFBC}") = "5PMSomewhereApp", "5PMSomewhereApp\5PMSomewhereApp.csproj", "{1BB9D327-9D27-4030-A7C2-B5D7A5D38AD4}"
EndProject
Global
	GlobalSection(SolutionConfigurationPlatforms) = preSolution
		Debug|Any CPU = Debug|Any CPU
		Release|Any CPU = Release|Any CPU
	EndGlobalSection
	GlobalSection(ProjectConfigurationPlatforms) = postSolution
		{1BB9D327-9D27-4030-A7C2-B5D7A5D38AD4}.Debug|Any CPU.ActiveCfg = Debug|Any CPU
		{1BB9D327-9D27-4030-A7C2-B5D7A5D38AD4}.Debug|Any CPU.Build.0 = Debug|Any CPU
		{1BB9D327-9D27-4030-A7C2-B5D7A5D38AD4}.Release|Any CPU.ActiveCfg = Release|Any CPU
		{1BB9D327-9D27-4030-A7C2-B5D7A5D38AD4}.Release|Any CPU.Build.0 = Release|Any CPU
	EndGlobalSection
	GlobalSection(SolutionProperties) = preSolution
		HideSolutionNode = FALSE
	EndGlobalSection
	GlobalSection(ExtensibilityGlobals) = postSolution
		SolutionGuid = {54D9B418-74F8-45B1-B01C-39000E8A10B1}
	EndGlobalSection
EndGlobal
