
Microsoft Visual Studio Solution File, Format Version 12.00
# Visual Studio Version 17
VisualStudioVersion = 17.2.32616.157
MinimumVisualStudioVersion = 10.0.40219.1
Project("{9A19103F-16F7-4668-BE54-9A1E7A4F7556}") = "FivePMSomewhereConsoleApp", "FivePMSomewhereApp\FivePMSomewhereConsoleApp.csproj", "{1BB9D327-9D27-4030-A7C2-B5D7A5D38AD4}"
EndProject
Project("{9A19103F-16F7-4668-BE54-9A1E7A4F7556}") = "FivePMSomewhereEngine", "FivePMSomwhereEngine\FivePMSomewhereEngine.csproj", "{322C4730-AA59-48DE-A692-439C71358F97}"
EndProject
Project("{9A19103F-16F7-4668-BE54-9A1E7A4F7556}") = "FivePMShared", "FivePMShared\FivePMShared.csproj", "{271497C8-E10E-40AB-8E56-6A2502D10953}"
EndProject
Project("{FAE04EC0-301F-11D3-BF4B-00C04F79EFBC}") = "FivePMSomewhereUnitTests", "5PMSomewhereServiceUnitTests\FivePMSomewhereUnitTests.csproj", "{73C36072-A8AD-4C62-9C82-3B40DEC7C970}"
EndProject
Global
	GlobalSection(SolutionConfigurationPlatforms) = preSolution
		Debug|Any CPU = Debug|Any CPU
		Release|Any CPU = Release|Any CPU
	EndGlobalSection
	GlobalSection(ProjectConfigurationPlatforms) = postSolution
		{1BB9D327-9D27-4030-A7C2-B5D7A5D38AD4}.Debug|Any CPU.ActiveCfg = Debug|Any CPU
		{1BB9D327-9D27-4030-A7C2-B5D7A5D38AD4}.Debug|Any CPU.Build.0 = Debug|Any CPU
		{1BB9D327-9D27-4030-A7C2-B5D7A5D38AD4}.Release|Any CPU.ActiveCfg = Release|Any CPU
		{1BB9D327-9D27-4030-A7C2-B5D7A5D38AD4}.Release|Any CPU.Build.0 = Release|Any CPU
		{322C4730-AA59-48DE-A692-439C71358F97}.Debug|Any CPU.ActiveCfg = Debug|Any CPU
		{322C4730-AA59-48DE-A692-439C71358F97}.Debug|Any CPU.Build.0 = Debug|Any CPU
		{322C4730-AA59-48DE-A692-439C71358F97}.Release|Any CPU.ActiveCfg = Release|Any CPU
		{322C4730-AA59-48DE-A692-439C71358F97}.Release|Any CPU.Build.0 = Release|Any CPU
		{271497C8-E10E-40AB-8E56-6A2502D10953}.Debug|Any CPU.ActiveCfg = Debug|Any CPU
		{271497C8-E10E-40AB-8E56-6A2502D10953}.Debug|Any CPU.Build.0 = Debug|Any CPU
		{271497C8-E10E-40AB-8E56-6A2502D10953}.Release|Any CPU.ActiveCfg = Release|Any CPU
		{271497C8-E10E-40AB-8E56-6A2502D10953}.Release|Any CPU.Build.0 = Release|Any CPU
		{73C36072-A8AD-4C62-9C82-3B40DEC7C970}.Debug|Any CPU.ActiveCfg = Debug|Any CPU
		{73C36072-A8AD-4C62-9C82-3B40DEC7C970}.Debug|Any CPU.Build.0 = Debug|Any CPU
		{73C36072-A8AD-4C62-9C82-3B40DEC7C970}.Release|Any CPU.ActiveCfg = Release|Any CPU
		{73C36072-A8AD-4C62-9C82-3B40DEC7C970}.Release|Any CPU.Build.0 = Release|Any CPU
	EndGlobalSection
	GlobalSection(SolutionProperties) = preSolution
		HideSolutionNode = FALSE
	EndGlobalSection
	GlobalSection(ExtensibilityGlobals) = postSolution
		SolutionGuid = {54D9B418-74F8-45B1-B01C-39000E8A10B1}
	EndGlobalSection
EndGlobal
