
Microsoft Visual Studio Solution File, Format Version 12.00
# Visual Studio Version 17
VisualStudioVersion = 17.2.32616.157
MinimumVisualStudioVersion = 10.0.40219.1
Project("{9A19103F-16F7-4668-BE54-9A1E7A4F7556}") = "FivePMSomewhereConsoleApp", "FivePMSomewhereApp\FivePMSomewhereConsoleApp.csproj", "{1BB9D327-9D27-4030-A7C2-B5D7A5D38AD4}"
EndProject
Project("{9A19103F-16F7-4668-BE54-9A1E7A4F7556}") = "FivePMSomewhereUnitTests", "5PMSomewhereServiceUnitTests\FivePMSomewhereUnitTests.csproj", "{73C36072-A8AD-4C62-9C82-3B40DEC7C970}"
EndProject
Project("{9A19103F-16F7-4668-BE54-9A1E7A4F7556}") = "FivePMSomewhereBlazorWASMApp", "FivePMSomewhereBlazorWASMApp\FivePMSomewhereBlazorWASMApp.csproj", "{18F45009-8162-412C-81C6-5FB26771875A}"
EndProject
Project("{9A19103F-16F7-4668-BE54-9A1E7A4F7556}") = "FivePMSomewhereShared", "FivePMSomewhereShared\FivePMSomewhereShared.csproj", "{570AFEE3-8F64-4035-82AB-3CF12A479363}"
EndProject
Project("{9A19103F-16F7-4668-BE54-9A1E7A4F7556}") = "FivePMSomewhereEngine", "FivePMSomewhereEngine\FivePMSomewhereEngine.csproj", "{90E06C32-3831-414B-9FF2-5EABBAA67B2A}"
EndProject
Global
	GlobalSection(SolutionConfigurationPlatforms) = preSolution
		Debug|Any CPU = Debug|Any CPU
		Release|Any CPU = Release|Any CPU
	EndGlobalSection
	GlobalSection(ProjectConfigurationPlatforms) = postSolution
		{1BB9D327-9D27-4030-A7C2-B5D7A5D38AD4}.Debug|Any CPU.ActiveCfg = Debug|Any CPU
		{1BB9D327-9D27-4030-A7C2-B5D7A5D38AD4}.Debug|Any CPU.Build.0 = Debug|Any CPU
		{1BB9D327-9D27-4030-A7C2-B5D7A5D38AD4}.Release|Any CPU.ActiveCfg = Release|Any CPU
		{1BB9D327-9D27-4030-A7C2-B5D7A5D38AD4}.Release|Any CPU.Build.0 = Release|Any CPU
		{73C36072-A8AD-4C62-9C82-3B40DEC7C970}.Debug|Any CPU.ActiveCfg = Debug|Any CPU
		{73C36072-A8AD-4C62-9C82-3B40DEC7C970}.Debug|Any CPU.Build.0 = Debug|Any CPU
		{73C36072-A8AD-4C62-9C82-3B40DEC7C970}.Release|Any CPU.ActiveCfg = Release|Any CPU
		{73C36072-A8AD-4C62-9C82-3B40DEC7C970}.Release|Any CPU.Build.0 = Release|Any CPU
		{18F45009-8162-412C-81C6-5FB26771875A}.Debug|Any CPU.ActiveCfg = Debug|Any CPU
		{18F45009-8162-412C-81C6-5FB26771875A}.Debug|Any CPU.Build.0 = Debug|Any CPU
		{18F45009-8162-412C-81C6-5FB26771875A}.Release|Any CPU.ActiveCfg = Release|Any CPU
		{18F45009-8162-412C-81C6-5FB26771875A}.Release|Any CPU.Build.0 = Release|Any CPU
		{570AFEE3-8F64-4035-82AB-3CF12A479363}.Debug|Any CPU.ActiveCfg = Debug|Any CPU
		{570AFEE3-8F64-4035-82AB-3CF12A479363}.Debug|Any CPU.Build.0 = Debug|Any CPU
		{570AFEE3-8F64-4035-82AB-3CF12A479363}.Release|Any CPU.ActiveCfg = Release|Any CPU
		{570AFEE3-8F64-4035-82AB-3CF12A479363}.Release|Any CPU.Build.0 = Release|Any CPU
		{90E06C32-3831-414B-9FF2-5EABBAA67B2A}.Debug|Any CPU.ActiveCfg = Debug|Any CPU
		{90E06C32-3831-414B-9FF2-5EABBAA67B2A}.Debug|Any CPU.Build.0 = Debug|Any CPU
		{90E06C32-3831-414B-9FF2-5EABBAA67B2A}.Release|Any CPU.ActiveCfg = Release|Any CPU
		{90E06C32-3831-414B-9FF2-5EABBAA67B2A}.Release|Any CPU.Build.0 = Release|Any CPU
	EndGlobalSection
	GlobalSection(SolutionProperties) = preSolution
		HideSolutionNode = FALSE
	EndGlobalSection
	GlobalSection(ExtensibilityGlobals) = postSolution
		SolutionGuid = {54D9B418-74F8-45B1-B01C-39000E8A10B1}
	EndGlobalSection
EndGlobal
